# This file is autogenerated, do not edit; changes may be undone by the next 'dep ensure'.


[[projects]]
  name = "github.com/esimov/caire"
  packages = ["."]
  revision = "ef87c4e559e60433988610edfd16f7777473f11b"
  version = "v1.1.0"

[[projects]]
  name = "github.com/esimov/pigo"
  packages = ["core"]
  revision = "4cd68d155558788f05f8f9810bbaceee0c836e0b"
  version = "v1.0.3"

[[projects]]
  branch = "master"
  name = "github.com/nfnt/resize"
  packages = ["."]
  revision = "83c6a9932646f83e3267f353373d47347b6036b2"

[[projects]]
  name = "github.com/pkg/errors"
  packages = ["."]
  revision = "645ef00459ed84a119197bfb8d8205042c6df63d"
  version = "v0.8.0"

[[projects]]
  branch = "master"
  name = "golang.org/x/image"
  packages = ["bmp"]
  revision = "c73c2afc3b812cdd6385de5a50616511c4a3d458"

[solve-meta]
  analyzer-name = "dep"
  analyzer-version = 1
  inputs-digest = "44eb349d3fdf7bd44170dad06e0c382ee2dd573b4cb8da0a82183b699c9a3a79"
  solver-name = "gps-cdcl"
  solver-version = 1
