# This file is autogenerated, do not edit; changes may be undone by the next 'dep ensure'.


[[projects]]
  name = "github.com/esimov/caire"
  packages = ["."]
  revision = "b8926a91cb592a6b3e2105bd87dd0fe6aae2b670"
  version = "v1.2.0"

[[projects]]
  name = "github.com/esimov/pigo"
  packages = ["core"]
  revision = "b8c07b835cabb54f6d1b101cc2fddd8cc2338fe7"
  version = "v1.1.0"

[[projects]]
  branch = "master"
  name = "github.com/nfnt/resize"
  packages = ["."]
  revision = "83c6a9932646f83e3267f353373d47347b6036b2"

[[projects]]
  name = "github.com/pkg/errors"
  packages = ["."]
  revision = "645ef00459ed84a119197bfb8d8205042c6df63d"
  version = "v0.8.0"

[[projects]]
  branch = "master"
  name = "golang.org/x/image"
  packages = ["bmp"]
  revision = "c73c2afc3b812cdd6385de5a50616511c4a3d458"

[solve-meta]
  analyzer-name = "dep"
  analyzer-version = 1
  inputs-digest = "b2f0ac2352488b16d247b49283513d6de41ac26dd2719e8357b0ee722aa09987"
  solver-name = "gps-cdcl"
  solver-version = 1
